
Microsoft Visual Studio Solution File, Format Version 12.00
# Visual Studio Version 17
VisualStudioVersion = 17.14.36414.22 d17.14
MinimumVisualStudioVersion = 10.0.40219.1
Project("{FAE04EC0-301F-11D3-BF4B-00C04F79EFBC}") = "CSO", "CSO\CSO.csproj", "{A6B26437-5650-4EE9-B228-7ED81552C36E}"
EndProject
Global
	GlobalSection(SolutionConfigurationPlatforms) = preSolution
		Debug|Any CPU = Debug|Any CPU
		Release|Any CPU = Release|Any CPU
	EndGlobalSection
	GlobalSection(ProjectConfigurationPlatforms) = postSolution
		{A6B26437-5650-4EE9-B228-7ED81552C36E}.Debug|Any CPU.ActiveCfg = Debug|Any CPU
		{A6B26437-5650-4EE9-B228-7ED81552C36E}.Debug|Any CPU.Build.0 = Debug|Any CPU
		{A6B26437-5650-4EE9-B228-7ED81552C36E}.Release|Any CPU.ActiveCfg = Release|Any CPU
		{A6B26437-5650-4EE9-B228-7ED81552C36E}.Release|Any CPU.Build.0 = Release|Any CPU
	EndGlobalSection
	GlobalSection(SolutionProperties) = preSolution
		HideSolutionNode = FALSE
	EndGlobalSection
	GlobalSection(ExtensibilityGlobals) = postSolution
		SolutionGuid = {AEF16E13-49B0-4969-91E3-FF1EC6C514DD}
	EndGlobalSection
EndGlobal
